
Microsoft Visual Studio Solution File, Format Version 12.00
# Visual Studio Version 17
VisualStudioVersion = 17.8.34309.116
MinimumVisualStudioVersion = 10.0.40219.1
Project("{FAE04EC0-301F-11D3-BF4B-00C04F79EFBC}") = "FileFinderV3", "FileFinderV3\FileFinderV3.csproj", "{02774885-EFAA-4672-949C-BC260BC90030}"
EndProject
Global
	GlobalSection(SolutionConfigurationPlatforms) = preSolution
		Debug|Any CPU = Debug|Any CPU
		Release|Any CPU = Release|Any CPU
	EndGlobalSection
	GlobalSection(ProjectConfigurationPlatforms) = postSolution
		{02774885-EFAA-4672-949C-BC260BC90030}.Debug|Any CPU.ActiveCfg = Debug|Any CPU
		{02774885-EFAA-4672-949C-BC260BC90030}.Debug|Any CPU.Build.0 = Debug|Any CPU
		{02774885-EFAA-4672-949C-BC260BC90030}.Release|Any CPU.ActiveCfg = Release|Any CPU
		{02774885-EFAA-4672-949C-BC260BC90030}.Release|Any CPU.Build.0 = Release|Any CPU
	EndGlobalSection
	GlobalSection(SolutionProperties) = preSolution
		HideSolutionNode = FALSE
	EndGlobalSection
	GlobalSection(ExtensibilityGlobals) = postSolution
		SolutionGuid = {1EFBF6F6-F539-496B-8555-60E0D985B8A0}
	EndGlobalSection
EndGlobal
